// !$*UTF8*$!
{
	archiveVersion = 1;
	classes = {
	};
	objectVersion = 46;
	objects = {

/* Begin PBXBuildFile section */
		1CAB5A4D111B0A025077E0DD /* Pods_Bitrise.framework in Frameworks */ = {isa = PBXBuildFile; fileRef = 76E6CDA2CD8B5045EB43D8D1 /* Pods_Bitrise.framework */; };
		6F0E4F371F46B06000214C58 /* AppDelegate.swift in Sources */ = {isa = PBXBuildFile; fileRef = 6F0E4F361F46B06000214C58 /* AppDelegate.swift */; };
		6F0E4F391F46B06000214C58 /* ViewController.swift in Sources */ = {isa = PBXBuildFile; fileRef = 6F0E4F381F46B06000214C58 /* ViewController.swift */; };
		6F0E4F3C1F46B06000214C58 /* Main.storyboard in Resources */ = {isa = PBXBuildFile; fileRef = 6F0E4F3A1F46B06000214C58 /* Main.storyboard */; };
		6F0E4F3E1F46B06000214C58 /* Assets.xcassets in Resources */ = {isa = PBXBuildFile; fileRef = 6F0E4F3D1F46B06000214C58 /* Assets.xcassets */; };
		6F0E4F411F46B06000214C58 /* LaunchScreen.storyboard in Resources */ = {isa = PBXBuildFile; fileRef = 6F0E4F3F1F46B06000214C58 /* LaunchScreen.storyboard */; };
/* End PBXBuildFile section */

/* Begin PBXFileReference section */
		456C11CEC453BBD0E6592CBF /* Pods-Bitrise.release.xcconfig */ = {isa = PBXFileReference; includeInIndex = 1; lastKnownFileType = text.xcconfig; name = "Pods-Bitrise.release.xcconfig"; path = "Pods/Target Support Files/Pods-Bitrise/Pods-Bitrise.release.xcconfig"; sourceTree = "<group>"; };
		6882EC68FCE85AB9461304D5 /* Pods-Bitrise.debug.xcconfig */ = {isa = PBXFileReference; includeInIndex = 1; lastKnownFileType = text.xcconfig; name = "Pods-Bitrise.debug.xcconfig"; path = "Pods/Target Support Files/Pods-Bitrise/Pods-Bitrise.debug.xcconfig"; sourceTree = "<group>"; };
		6F0E4F331F46B06000214C58 /* Bitrise.app */ = {isa = PBXFileReference; explicitFileType = wrapper.application; includeInIndex = 0; path = Bitrise.app; sourceTree = BUILT_PRODUCTS_DIR; };
		6F0E4F361F46B06000214C58 /* AppDelegate.swift */ = {isa = PBXFileReference; lastKnownFileType = sourcecode.swift; path = AppDelegate.swift; sourceTree = "<group>"; };
		6F0E4F381F46B06000214C58 /* ViewController.swift */ = {isa = PBXFileReference; lastKnownFileType = sourcecode.swift; path = ViewController.swift; sourceTree = "<group>"; };
		6F0E4F3B1F46B06000214C58 /* Base */ = {isa = PBXFileReference; lastKnownFileType = file.storyboard; name = Base; path = Base.lproj/Main.storyboard; sourceTree = "<group>"; };
		6F0E4F3D1F46B06000214C58 /* Assets.xcassets */ = {isa = PBXFileReference; lastKnownFileType = folder.assetcatalog; path = Assets.xcassets; sourceTree = "<group>"; };
		6F0E4F401F46B06000214C58 /* Base */ = {isa = PBXFileReference; lastKnownFileType = file.storyboard; name = Base; path = Base.lproj/LaunchScreen.storyboard; sourceTree = "<group>"; };
		6F0E4F421F46B06000214C58 /* Info.plist */ = {isa = PBXFileReference; lastKnownFileType = text.plist.xml; path = Info.plist; sourceTree = "<group>"; };
		76E6CDA2CD8B5045EB43D8D1 /* Pods_Bitrise.framework */ = {isa = PBXFileReference; explicitFileType = wrapper.framework; includeInIndex = 0; path = Pods_Bitrise.framework; sourceTree = BUILT_PRODUCTS_DIR; };
/* End PBXFileReference section */

/* Begin PBXFrameworksBuildPhase section */
		6F0E4F301F46B06000214C58 /* Frameworks */ = {
			isa = PBXFrameworksBuildPhase;
			buildActionMask = 2147483647;
			files = (
				1CAB5A4D111B0A025077E0DD /* Pods_Bitrise.framework in Frameworks */,
			);
			runOnlyForDeploymentPostprocessing = 0;
		};
/* End PBXFrameworksBuildPhase section */

/* Begin PBXGroup section */
		5864ABB447ECCD942977B4FF /* Pods */ = {
			isa = PBXGroup;
			children = (
				6882EC68FCE85AB9461304D5 /* Pods-Bitrise.debug.xcconfig */,
				456C11CEC453BBD0E6592CBF /* Pods-Bitrise.release.xcconfig */,
			);
			name = Pods;
			sourceTree = "<group>";
		};
		6F0E4F2A1F46B06000214C58 = {
			isa = PBXGroup;
			children = (
				6F0E4F351F46B06000214C58 /* Bitrise */,
				6F0E4F341F46B06000214C58 /* Products */,
				5864ABB447ECCD942977B4FF /* Pods */,
				7D536D3247DAB199BC985E81 /* Frameworks */,
			);
			sourceTree = "<group>";
		};
		6F0E4F341F46B06000214C58 /* Products */ = {
			isa = PBXGroup;
			children = (
				6F0E4F331F46B06000214C58 /* Bitrise.app */,
			);
			name = Products;
			sourceTree = "<group>";
		};
		6F0E4F351F46B06000214C58 /* Bitrise */ = {
			isa = PBXGroup;
			children = (
				6F0E4F361F46B06000214C58 /* AppDelegate.swift */,
				6F0E4F381F46B06000214C58 /* ViewController.swift */,
				6F0E4F3A1F46B06000214C58 /* Main.storyboard */,
				6F0E4F3D1F46B06000214C58 /* Assets.xcassets */,
				6F0E4F3F1F46B06000214C58 /* LaunchScreen.storyboard */,
				6F0E4F421F46B06000214C58 /* Info.plist */,
			);
			path = Bitrise;
			sourceTree = "<group>";
		};
		7D536D3247DAB199BC985E81 /* Frameworks */ = {
			isa = PBXGroup;
			children = (
				76E6CDA2CD8B5045EB43D8D1 /* Pods_Bitrise.framework */,
			);
			name = Frameworks;
			sourceTree = "<group>";
		};
/* End PBXGroup section */

/* Begin PBXNativeTarget section */
		6F0E4F321F46B06000214C58 /* Bitrise */ = {
			isa = PBXNativeTarget;
			buildConfigurationList = 6F0E4F451F46B06000214C58 /* Build configuration list for PBXNativeTarget "Bitrise" */;
			buildPhases = (
				150612CFBF5207CD5B1C66C0 /* [CP] Check Pods Manifest.lock */,
				6F0E4F2F1F46B06000214C58 /* Sources */,
				6F0E4F301F46B06000214C58 /* Frameworks */,
				6F0E4F311F46B06000214C58 /* Resources */,
				65181C3B40EFC46621FF1780 /* [CP] Embed Pods Frameworks */,
				5B0547B6D180A2429BF618FE /* [CP] Copy Pods Resources */,
			);
			buildRules = (
			);
			dependencies = (
			);
			name = Bitrise;
			productName = Bitrise;
			productReference = 6F0E4F331F46B06000214C58 /* Bitrise.app */;
			productType = "com.apple.product-type.application";
		};
/* End PBXNativeTarget section */

/* Begin PBXProject section */
		6F0E4F2B1F46B06000214C58 /* Project object */ = {
			isa = PBXProject;
			attributes = {
				LastSwiftUpdateCheck = 0830;
				LastUpgradeCheck = 0830;
				ORGANIZATIONNAME = "manoj bojja";
				TargetAttributes = {
					6F0E4F321F46B06000214C58 = {
						CreatedOnToolsVersion = 8.3.1;
						DevelopmentTeam = J464K53M8B;
						ProvisioningStyle = Automatic;
					};
				};
			};
			buildConfigurationList = 6F0E4F2E1F46B06000214C58 /* Build configuration list for PBXProject "Bitrise" */;
			compatibilityVersion = "Xcode 3.2";
			developmentRegion = English;
			hasScannedForEncodings = 0;
			knownRegions = (
				en,
				Base,
			);
			mainGroup = 6F0E4F2A1F46B06000214C58;
			productRefGroup = 6F0E4F341F46B06000214C58 /* Products */;
			projectDirPath = "";
			projectRoot = "";
			targets = (
				6F0E4F321F46B06000214C58 /* Bitrise */,
			);
		};
/* End PBXProject section */

/* Begin PBXResourcesBuildPhase section */
		6F0E4F311F46B06000214C58 /* Resources */ = {
			isa = PBXResourcesBuildPhase;
			buildActionMask = 2147483647;
			files = (
				6F0E4F411F46B06000214C58 /* LaunchScreen.storyboard in Resources */,
				6F0E4F3E1F46B06000214C58 /* Assets.xcassets in Resources */,
				6F0E4F3C1F46B06000214C58 /* Main.storyboard in Resources */,
			);
			runOnlyForDeploymentPostprocessing = 0;
		};
/* End PBXResourcesBuildPhase section */

/* Begin PBXShellScriptBuildPhase section */
		150612CFBF5207CD5B1C66C0 /* [CP] Check Pods Manifest.lock */ = {
			isa = PBXShellScriptBuildPhase;
			buildActionMask = 2147483647;
			files = (
			);
			inputPaths = (
			);
			name = "[CP] Check Pods Manifest.lock";
			outputPaths = (
			);
			runOnlyForDeploymentPostprocessing = 0;
			shellPath = /bin/sh;
			shellScript = "diff \"${PODS_ROOT}/../Podfile.lock\" \"${PODS_ROOT}/Manifest.lock\" > /dev/null\nif [ $? != 0 ] ; then\n    # print error to STDERR\n    echo \"error: The sandbox is not in sync with the Podfile.lock. Run 'pod install' or update your CocoaPods installation.\" >&2\n    exit 1\nfi\n";
			showEnvVarsInLog = 0;
		};
		5B0547B6D180A2429BF618FE /* [CP] Copy Pods Resources */ = {
			isa = PBXShellScriptBuildPhase;
			buildActionMask = 2147483647;
			files = (
			);
			inputPaths = (
			);
			name = "[CP] Copy Pods Resources";
			outputPaths = (
			);
			runOnlyForDeploymentPostprocessing = 0;
			shellPath = /bin/sh;
			shellScript = "\"${SRCROOT}/Pods/Target Support Files/Pods-Bitrise/Pods-Bitrise-resources.sh\"\n";
			showEnvVarsInLog = 0;
		};
		65181C3B40EFC46621FF1780 /* [CP] Embed Pods Frameworks */ = {
			isa = PBXShellScriptBuildPhase;
			buildActionMask = 2147483647;
			files = (
			);
			inputPaths = (
			);
			name = "[CP] Embed Pods Frameworks";
			outputPaths = (
			);
			runOnlyForDeploymentPostprocessing = 0;
			shellPath = /bin/sh;
			shellScript = "\"${SRCROOT}/Pods/Target Support Files/Pods-Bitrise/Pods-Bitrise-frameworks.sh\"\n";
			showEnvVarsInLog = 0;
		};
/* End PBXShellScriptBuildPhase section */

/* Begin PBXSourcesBuildPhase section */
		6F0E4F2F1F46B06000214C58 /* Sources */ = {
			isa = PBXSourcesBuildPhase;
			buildActionMask = 2147483647;
			files = (
				6F0E4F391F46B06000214C58 /* ViewController.swift in Sources */,
				6F0E4F371F46B06000214C58 /* AppDelegate.swift in Sources */,
			);
			runOnlyForDeploymentPostprocessing = 0;
		};
/* End PBXSourcesBuildPhase section */

/* Begin PBXVariantGroup section */
		6F0E4F3A1F46B06000214C58 /* Main.storyboard */ = {
			isa = PBXVariantGroup;
			children = (
				6F0E4F3B1F46B06000214C58 /* Base */,
			);
			name = Main.storyboard;
			sourceTree = "<group>";
		};
		6F0E4F3F1F46B06000214C58 /* LaunchScreen.storyboard */ = {
			isa = PBXVariantGroup;
			children = (
				6F0E4F401F46B06000214C58 /* Base */,
			);
			name = LaunchScreen.storyboard;
			sourceTree = "<group>";
		};
/* End PBXVariantGroup section */

/* Begin XCBuildConfiguration section */
		6F0E4F431F46B06000214C58 /* Debug */ = {
			isa = XCBuildConfiguration;
			buildSettings = {
				ALWAYS_SEARCH_USER_PATHS = NO;
				CLANG_ANALYZER_NONNULL = YES;
				CLANG_ANALYZER_NUMBER_OBJECT_CONVERSION = YES_AGGRESSIVE;
				CLANG_CXX_LANGUAGE_STANDARD = "gnu++0x";
				CLANG_CXX_LIBRARY = "libc++";
				CLANG_ENABLE_MODULES = YES;
				CLANG_ENABLE_OBJC_ARC = YES;
				CLANG_WARN_BOOL_CONVERSION = YES;
				CLANG_WARN_CONSTANT_CONVERSION = YES;
				CLANG_WARN_DIRECT_OBJC_ISA_USAGE = YES_ERROR;
				CLANG_WARN_DOCUMENTATION_COMMENTS = YES;
				CLANG_WARN_EMPTY_BODY = YES;
				CLANG_WARN_ENUM_CONVERSION = YES;
				CLANG_WARN_INFINITE_RECURSION = YES;
				CLANG_WARN_INT_CONVERSION = YES;
				CLANG_WARN_OBJC_ROOT_CLASS = YES_ERROR;
				CLANG_WARN_SUSPICIOUS_MOVE = YES;
				CLANG_WARN_UNREACHABLE_CODE = YES;
				CLANG_WARN__DUPLICATE_METHOD_MATCH = YES;
				"CODE_SIGN_IDENTITY[sdk=iphoneos*]" = "iPhone Developer";
				COPY_PHASE_STRIP = NO;
				DEBUG_INFORMATION_FORMAT = dwarf;
				ENABLE_STRICT_OBJC_MSGSEND = YES;
				ENABLE_TESTABILITY = YES;
				GCC_C_LANGUAGE_STANDARD = gnu99;
				GCC_DYNAMIC_NO_PIC = NO;
				GCC_NO_COMMON_BLOCKS = YES;
				GCC_OPTIMIZATION_LEVEL = 0;
				GCC_PREPROCESSOR_DEFINITIONS = (
					"DEBUG=1",
					"$(inherited)",
				);
				GCC_WARN_64_TO_32_BIT_CONVERSION = YES;
				GCC_WARN_ABOUT_RETURN_TYPE = YES_ERROR;
				GCC_WARN_UNDECLARED_SELECTOR = YES;
				GCC_WARN_UNINITIALIZED_AUTOS = YES_AGGRESSIVE;
				GCC_WARN_UNUSED_FUNCTION = YES;
				GCC_WARN_UNUSED_VARIABLE = YES;
				IPHONEOS_DEPLOYMENT_TARGET = 10.3;
				MTL_ENABLE_DEBUG_INFO = YES;
				ONLY_ACTIVE_ARCH = YES;
				SDKROOT = iphoneos;
				SWIFT_ACTIVE_COMPILATION_CONDITIONS = DEBUG;
				SWIFT_OPTIMIZATION_LEVEL = "-Onone";
				TARGETED_DEVICE_FAMILY = "1,2";
			};
			name = Debug;
		};
		6F0E4F441F46B06000214C58 /* Release */ = {
			isa = XCBuildConfiguration;
			buildSettings = {
				ALWAYS_SEARCH_USER_PATHS = NO;
				CLANG_ANALYZER_NONNULL = YES;
				CLANG_ANALYZER_NUMBER_OBJECT_CONVERSION = YES_AGGRESSIVE;
				CLANG_CXX_LANGUAGE_STANDARD = "gnu++0x";
				CLANG_CXX_LIBRARY = "libc++";
				CLANG_ENABLE_MODULES = YES;
				CLANG_ENABLE_OBJC_ARC = YES;
				CLANG_WARN_BOOL_CONVERSION = YES;
				CLANG_WARN_CONSTANT_CONVERSION = YES;
				CLANG_WARN_DIRECT_OBJC_ISA_USAGE = YES_ERROR;
				CLANG_WARN_DOCUMENTATION_COMMENTS = YES;
				CLANG_WARN_EMPTY_BODY = YES;
				CLANG_WARN_ENUM_CONVERSION = YES;
				CLANG_WARN_INFINITE_RECURSION = YES;
				CLANG_WARN_INT_CONVERSION = YES;
				CLANG_WARN_OBJC_ROOT_CLASS = YES_ERROR;
				CLANG_WARN_SUSPICIOUS_MOVE = YES;
				CLANG_WARN_UNREACHABLE_CODE = YES;
				CLANG_WARN__DUPLICATE_METHOD_MATCH = YES;
				"CODE_SIGN_IDENTITY[sdk=iphoneos*]" = "iPhone Developer";
				COPY_PHASE_STRIP = NO;
				DEBUG_INFORMATION_FORMAT = "dwarf-with-dsym";
				ENABLE_NS_ASSERTIONS = NO;
				ENABLE_STRICT_OBJC_MSGSEND = YES;
				GCC_C_LANGUAGE_STANDARD = gnu99;
				GCC_NO_COMMON_BLOCKS = YES;
				GCC_WARN_64_TO_32_BIT_CONVERSION = YES;
				GCC_WARN_ABOUT_RETURN_TYPE = YES_ERROR;
				GCC_WARN_UNDECLARED_SELECTOR = YES;
				GCC_WARN_UNINITIALIZED_AUTOS = YES_AGGRESSIVE;
				GCC_WARN_UNUSED_FUNCTION = YES;
				GCC_WARN_UNUSED_VARIABLE = YES;
				IPHONEOS_DEPLOYMENT_TARGET = 10.3;
				MTL_ENABLE_DEBUG_INFO = NO;
				SDKROOT = iphoneos;
				SWIFT_OPTIMIZATION_LEVEL = "-Owholemodule";
				TARGETED_DEVICE_FAMILY = "1,2";
				VALIDATE_PRODUCT = YES;
			};
			name = Release;
		};
		6F0E4F461F46B06000214C58 /* Debug */ = {
			isa = XCBuildConfiguration;
			baseConfigurationReference = 6882EC68FCE85AB9461304D5 /* Pods-Bitrise.debug.xcconfig */;
			buildSettings = {
				ASSETCATALOG_COMPILER_APPICON_NAME = AppIcon;
				DEVELOPMENT_TEAM = J464K53M8B;
				INFOPLIST_FILE = Bitrise/Info.plist;
				LD_RUNPATH_SEARCH_PATHS = "$(inherited) @executable_path/Frameworks";
				PRODUCT_BUNDLE_IDENTIFIER = com.shawacademy.development;
				PRODUCT_NAME = "$(TARGET_NAME)";
				SWIFT_VERSION = 3.0;
			};
			name = Debug;
		};
		6F0E4F471F46B06000214C58 /* Release */ = {
			isa = XCBuildConfiguration;
			baseConfigurationReference = 456C11CEC453BBD0E6592CBF /* Pods-Bitrise.release.xcconfig */;
			buildSettings = {
				ASSETCATALOG_COMPILER_APPICON_NAME = AppIcon;
				DEVELOPMENT_TEAM = J464K53M8B;
				INFOPLIST_FILE = Bitrise/Info.plist;
				LD_RUNPATH_SEARCH_PATHS = "$(inherited) @executable_path/Frameworks";
				PRODUCT_BUNDLE_IDENTIFIER = com.shawacademy.development;
				PRODUCT_NAME = "$(TARGET_NAME)";
				SWIFT_VERSION = 3.0;
			};
			name = Release;
		};
/* End XCBuildConfiguration section */

/* Begin XCConfigurationList section */
		6F0E4F2E1F46B06000214C58 /* Build configuration list for PBXProject "Bitrise" */ = {
			isa = XCConfigurationList;
			buildConfigurations = (
				6F0E4F431F46B06000214C58 /* Debug */,
				6F0E4F441F46B06000214C58 /* Release */,
			);
			defaultConfigurationIsVisible = 0;
			defaultConfigurationName = Release;
		};
		6F0E4F451F46B06000214C58 /* Build configuration list for PBXNativeTarget "Bitrise" */ = {
			isa = XCConfigurationList;
			buildConfigurations = (
				6F0E4F461F46B06000214C58 /* Debug */,
				6F0E4F471F46B06000214C58 /* Release */,
			);
			defaultConfigurationIsVisible = 0;
			defaultConfigurationName = Release;
		};
/* End XCConfigurationList section */
	};
	rootObject = 6F0E4F2B1F46B06000214C58 /* Project object */;
}
